
Microsoft Visual Studio Solution File, Format Version 12.00
# Visual Studio Version 17
VisualStudioVersion = 17.8.34330.188
MinimumVisualStudioVersion = 10.0.40219.1
Project("{9A19103F-16F7-4668-BE54-9A1E7A4F7556}") = "ICT3101_Calculator", "lab1\ICT3101_Calculator.csproj", "{25FA5F70-81E7-4CAE-B986-7C68C0B3D832}"
EndProject
Project("{9A19103F-16F7-4668-BE54-9A1E7A4F7556}") = "ICT3101_Calculator.UnitTests", "ICT3101_Calculator.UnitTests\ICT3101_Calculator.UnitTests.csproj", "{281D2FDF-BD97-4C35-8C1C-432126672F2C}"
	ProjectSection(ProjectDependencies) = postProject
		{25FA5F70-81E7-4CAE-B986-7C68C0B3D832} = {25FA5F70-81E7-4CAE-B986-7C68C0B3D832}
	EndProjectSection
EndProject
Project("{9A19103F-16F7-4668-BE54-9A1E7A4F7556}") = "SpecFlowCalculatorTests", "SpecFlowCalculatorTests\SpecFlowCalculatorTests.csproj", "{02FB10A0-A9B0-44CA-A94C-684CCC5F3075}"
	ProjectSection(ProjectDependencies) = postProject
		{25FA5F70-81E7-4CAE-B986-7C68C0B3D832} = {25FA5F70-81E7-4CAE-B986-7C68C0B3D832}
	EndProjectSection
EndProject
Global
	GlobalSection(SolutionConfigurationPlatforms) = preSolution
		Debug|Any CPU = Debug|Any CPU
		Release|Any CPU = Release|Any CPU
	EndGlobalSection
	GlobalSection(ProjectConfigurationPlatforms) = postSolution
		{25FA5F70-81E7-4CAE-B986-7C68C0B3D832}.Debug|Any CPU.ActiveCfg = Debug|Any CPU
		{25FA5F70-81E7-4CAE-B986-7C68C0B3D832}.Debug|Any CPU.Build.0 = Debug|Any CPU
		{25FA5F70-81E7-4CAE-B986-7C68C0B3D832}.Release|Any CPU.ActiveCfg = Release|Any CPU
		{25FA5F70-81E7-4CAE-B986-7C68C0B3D832}.Release|Any CPU.Build.0 = Release|Any CPU
		{281D2FDF-BD97-4C35-8C1C-432126672F2C}.Debug|Any CPU.ActiveCfg = Debug|Any CPU
		{281D2FDF-BD97-4C35-8C1C-432126672F2C}.Debug|Any CPU.Build.0 = Debug|Any CPU
		{281D2FDF-BD97-4C35-8C1C-432126672F2C}.Release|Any CPU.ActiveCfg = Release|Any CPU
		{281D2FDF-BD97-4C35-8C1C-432126672F2C}.Release|Any CPU.Build.0 = Release|Any CPU
		{02FB10A0-A9B0-44CA-A94C-684CCC5F3075}.Debug|Any CPU.ActiveCfg = Debug|Any CPU
		{02FB10A0-A9B0-44CA-A94C-684CCC5F3075}.Debug|Any CPU.Build.0 = Debug|Any CPU
		{02FB10A0-A9B0-44CA-A94C-684CCC5F3075}.Release|Any CPU.ActiveCfg = Release|Any CPU
		{02FB10A0-A9B0-44CA-A94C-684CCC5F3075}.Release|Any CPU.Build.0 = Release|Any CPU
	EndGlobalSection
	GlobalSection(SolutionProperties) = preSolution
		HideSolutionNode = FALSE
	EndGlobalSection
	GlobalSection(ExtensibilityGlobals) = postSolution
		SolutionGuid = {1EA2F2D0-74E7-45A3-9CCD-7A4711CED71C}
	EndGlobalSection
EndGlobal
